
Microsoft Visual Studio Solution File, Format Version 12.00
# Visual Studio Version 16
VisualStudioVersion = 16.0.30611.23
MinimumVisualStudioVersion = 10.0.40219.1
Project("{888888A0-9F3D-457C-B088-3A5042F75D52}") = "isikukood", "isikukood.pyproj", "{883778FD-675A-4CD6-B036-C78787617F1F}"
EndProject
Global
	GlobalSection(SolutionConfigurationPlatforms) = preSolution
		Debug|Any CPU = Debug|Any CPU
		Release|Any CPU = Release|Any CPU
	EndGlobalSection
	GlobalSection(ProjectConfigurationPlatforms) = postSolution
		{883778FD-675A-4CD6-B036-C78787617F1F}.Debug|Any CPU.ActiveCfg = Debug|Any CPU
		{883778FD-675A-4CD6-B036-C78787617F1F}.Release|Any CPU.ActiveCfg = Release|Any CPU
	EndGlobalSection
	GlobalSection(SolutionProperties) = preSolution
		HideSolutionNode = FALSE
	EndGlobalSection
	GlobalSection(ExtensibilityGlobals) = postSolution
		SolutionGuid = {963AB854-7A99-4E5C-BC9D-6B0CAF6523F8}
	EndGlobalSection
EndGlobal
